
Microsoft Visual Studio Solution File, Format Version 12.00
# Visual Studio 15
VisualStudioVersion = 15.0.26730.12
MinimumVisualStudioVersion = 10.0.40219.1
Project("{9A19103F-16F7-4668-BE54-9A1E7A4F7556}") = "NeuralNetwork", "NeuralNetwork\NeuralNetwork.csproj", "{8F536C12-BFC7-4134-98FE-1D019E2E5A80}"
EndProject
Project("{9A19103F-16F7-4668-BE54-9A1E7A4F7556}") = "NeuralNetworkConsoleApplication", "NeuralNetworkConsoleApplication\NeuralNetworkConsoleApplication.csproj", "{9C99C60A-D7EC-498E-9D78-F41D0FC1B7D1}"
EndProject
Project("{2150E333-8FDC-42A3-9474-1A3956D46DE8}") = "Solution Items", "Solution Items", "{64C210B0-BFA7-4F19-93B7-3F516698E626}"
	ProjectSection(SolutionItems) = preProject
		Performance1.psess = Performance1.psess
		Performance2.psess = Performance2.psess
	EndProjectSection
EndProject
Global
	GlobalSection(Performance) = preSolution
		HasPerformanceSessions = true
	EndGlobalSection
	GlobalSection(SolutionConfigurationPlatforms) = preSolution
		Debug|Any CPU = Debug|Any CPU
		Release|Any CPU = Release|Any CPU
	EndGlobalSection
	GlobalSection(ProjectConfigurationPlatforms) = postSolution
		{8F536C12-BFC7-4134-98FE-1D019E2E5A80}.Debug|Any CPU.ActiveCfg = Debug|Any CPU
		{8F536C12-BFC7-4134-98FE-1D019E2E5A80}.Debug|Any CPU.Build.0 = Debug|Any CPU
		{8F536C12-BFC7-4134-98FE-1D019E2E5A80}.Release|Any CPU.ActiveCfg = Release|Any CPU
		{8F536C12-BFC7-4134-98FE-1D019E2E5A80}.Release|Any CPU.Build.0 = Release|Any CPU
		{9C99C60A-D7EC-498E-9D78-F41D0FC1B7D1}.Debug|Any CPU.ActiveCfg = Debug|Any CPU
		{9C99C60A-D7EC-498E-9D78-F41D0FC1B7D1}.Debug|Any CPU.Build.0 = Debug|Any CPU
		{9C99C60A-D7EC-498E-9D78-F41D0FC1B7D1}.Release|Any CPU.ActiveCfg = Release|Any CPU
		{9C99C60A-D7EC-498E-9D78-F41D0FC1B7D1}.Release|Any CPU.Build.0 = Release|Any CPU
	EndGlobalSection
	GlobalSection(SolutionProperties) = preSolution
		HideSolutionNode = FALSE
	EndGlobalSection
	GlobalSection(ExtensibilityGlobals) = postSolution
		SolutionGuid = {26E5D8DF-7ABC-4CBE-9C81-A2CEE32BC6EA}
	EndGlobalSection
EndGlobal
